
Microsoft Visual Studio Solution File, Format Version 12.00
# Visual Studio 15
VisualStudioVersion = 15.0.26124.0
MinimumVisualStudioVersion = 15.0.26124.0
Project("{FAE04EC0-301F-11D3-BF4B-00C04F79EFBC}") = "A350CEM-Course-Work", "A350CEM-Course-Work-API\A350CEM-Course-Work.csproj", "{38B72B73-7609-4925-8E69-4AA6D101F2BF}"
EndProject
Project("{FAE04EC0-301F-11D3-BF4B-00C04F79EFBC}") = "A350CEM-Course-Work-API.Tests", "A350CEM-Course-Work-API.Tests\A350CEM-Course-Work-API.Tests.csproj", "{D7F4BE96-96FC-4C6F-9674-550F19D8931C}"
EndProject
Global
	GlobalSection(SolutionConfigurationPlatforms) = preSolution
		Debug|Any CPU = Debug|Any CPU
		Debug|x64 = Debug|x64
		Debug|x86 = Debug|x86
		Release|Any CPU = Release|Any CPU
		Release|x64 = Release|x64
		Release|x86 = Release|x86
	EndGlobalSection
	GlobalSection(SolutionProperties) = preSolution
		HideSolutionNode = FALSE
	EndGlobalSection
	GlobalSection(ProjectConfigurationPlatforms) = postSolution
		{38B72B73-7609-4925-8E69-4AA6D101F2BF}.Debug|Any CPU.ActiveCfg = Debug|Any CPU
		{38B72B73-7609-4925-8E69-4AA6D101F2BF}.Debug|Any CPU.Build.0 = Debug|Any CPU
		{38B72B73-7609-4925-8E69-4AA6D101F2BF}.Debug|x64.ActiveCfg = Debug|Any CPU
		{38B72B73-7609-4925-8E69-4AA6D101F2BF}.Debug|x64.Build.0 = Debug|Any CPU
		{38B72B73-7609-4925-8E69-4AA6D101F2BF}.Debug|x86.ActiveCfg = Debug|Any CPU
		{38B72B73-7609-4925-8E69-4AA6D101F2BF}.Debug|x86.Build.0 = Debug|Any CPU
		{38B72B73-7609-4925-8E69-4AA6D101F2BF}.Release|Any CPU.ActiveCfg = Release|Any CPU
		{38B72B73-7609-4925-8E69-4AA6D101F2BF}.Release|Any CPU.Build.0 = Release|Any CPU
		{38B72B73-7609-4925-8E69-4AA6D101F2BF}.Release|x64.ActiveCfg = Release|Any CPU
		{38B72B73-7609-4925-8E69-4AA6D101F2BF}.Release|x64.Build.0 = Release|Any CPU
		{38B72B73-7609-4925-8E69-4AA6D101F2BF}.Release|x86.ActiveCfg = Release|Any CPU
		{38B72B73-7609-4925-8E69-4AA6D101F2BF}.Release|x86.Build.0 = Release|Any CPU
		{D7F4BE96-96FC-4C6F-9674-550F19D8931C}.Debug|Any CPU.ActiveCfg = Debug|Any CPU
		{D7F4BE96-96FC-4C6F-9674-550F19D8931C}.Debug|Any CPU.Build.0 = Debug|Any CPU
		{D7F4BE96-96FC-4C6F-9674-550F19D8931C}.Debug|x64.ActiveCfg = Debug|Any CPU
		{D7F4BE96-96FC-4C6F-9674-550F19D8931C}.Debug|x64.Build.0 = Debug|Any CPU
		{D7F4BE96-96FC-4C6F-9674-550F19D8931C}.Debug|x86.ActiveCfg = Debug|Any CPU
		{D7F4BE96-96FC-4C6F-9674-550F19D8931C}.Debug|x86.Build.0 = Debug|Any CPU
		{D7F4BE96-96FC-4C6F-9674-550F19D8931C}.Release|Any CPU.ActiveCfg = Release|Any CPU
		{D7F4BE96-96FC-4C6F-9674-550F19D8931C}.Release|Any CPU.Build.0 = Release|Any CPU
		{D7F4BE96-96FC-4C6F-9674-550F19D8931C}.Release|x64.ActiveCfg = Release|Any CPU
		{D7F4BE96-96FC-4C6F-9674-550F19D8931C}.Release|x64.Build.0 = Release|Any CPU
		{D7F4BE96-96FC-4C6F-9674-550F19D8931C}.Release|x86.ActiveCfg = Release|Any CPU
		{D7F4BE96-96FC-4C6F-9674-550F19D8931C}.Release|x86.Build.0 = Release|Any CPU
	EndGlobalSection
EndGlobal
